# Generated by pub
# See https://dart.dev/tools/pub/glossary#lockfile
packages:
  flurine_lambda:
    dependency: "direct main"
    description:
      path: ".."
      relative: true
    source: path
    version: "0.9.3"
  meta:
    dependency: transitive
    description:
      name: meta
      url: "https://pub.dartlang.org"
    source: hosted
    version: "1.2.1"
  petitparser:
    dependency: transitive
    description:
      name: petitparser
      url: "https://pub.dartlang.org"
    source: hosted
    version: "3.0.4"
sdks:
  dart: ">=2.7.0 <3.0.0"
